
Microsoft Visual Studio Solution File, Format Version 12.00
Project("{FAE04EC0-301F-11D3-BF4B-00C04F79EFBC}") = "ConsoleApplicationTest", "ConsoleApplicationTest\ConsoleApplicationTest.csproj", "{51AEF56D-293B-47B8-9901-AE7003F2161B}"
EndProject
Global
	GlobalSection(SolutionConfigurationPlatforms) = preSolution
		Debug|Any CPU = Debug|Any CPU
		Release|Any CPU = Release|Any CPU
	EndGlobalSection
	GlobalSection(ProjectConfigurationPlatforms) = postSolution
		{51AEF56D-293B-47B8-9901-AE7003F2161B}.Debug|Any CPU.ActiveCfg = Debug|Any CPU
		{51AEF56D-293B-47B8-9901-AE7003F2161B}.Debug|Any CPU.Build.0 = Debug|Any CPU
		{51AEF56D-293B-47B8-9901-AE7003F2161B}.Release|Any CPU.ActiveCfg = Release|Any CPU
		{51AEF56D-293B-47B8-9901-AE7003F2161B}.Release|Any CPU.Build.0 = Release|Any CPU
	EndGlobalSection
EndGlobal
